
Microsoft Visual Studio Solution File, Format Version 12.00
# Visual Studio 15
VisualStudioVersion = 15.0.27703.2035
MinimumVisualStudioVersion = 10.0.40219.1
Project("{FAE04EC0-301F-11D3-BF4B-00C04F79EFBC}") = "TheWalkKata", "TheWalkKata\TheWalkKata.csproj", "{91F9DC51-41EE-49CE-871E-246FEEA12BB9}"
EndProject
Project("{FAE04EC0-301F-11D3-BF4B-00C04F79EFBC}") = "XUnitTestProject", "XUnitTestProject\XUnitTestProject.csproj", "{61B2CF24-B536-41B5-9DD2-F580E2F901E8}"
EndProject
Global
	GlobalSection(SolutionConfigurationPlatforms) = preSolution
		Debug|Any CPU = Debug|Any CPU
		Release|Any CPU = Release|Any CPU
	EndGlobalSection
	GlobalSection(ProjectConfigurationPlatforms) = postSolution
		{91F9DC51-41EE-49CE-871E-246FEEA12BB9}.Debug|Any CPU.ActiveCfg = Debug|Any CPU
		{91F9DC51-41EE-49CE-871E-246FEEA12BB9}.Debug|Any CPU.Build.0 = Debug|Any CPU
		{91F9DC51-41EE-49CE-871E-246FEEA12BB9}.Release|Any CPU.ActiveCfg = Release|Any CPU
		{91F9DC51-41EE-49CE-871E-246FEEA12BB9}.Release|Any CPU.Build.0 = Release|Any CPU
		{61B2CF24-B536-41B5-9DD2-F580E2F901E8}.Debug|Any CPU.ActiveCfg = Debug|Any CPU
		{61B2CF24-B536-41B5-9DD2-F580E2F901E8}.Debug|Any CPU.Build.0 = Debug|Any CPU
		{61B2CF24-B536-41B5-9DD2-F580E2F901E8}.Release|Any CPU.ActiveCfg = Release|Any CPU
		{61B2CF24-B536-41B5-9DD2-F580E2F901E8}.Release|Any CPU.Build.0 = Release|Any CPU
	EndGlobalSection
	GlobalSection(SolutionProperties) = preSolution
		HideSolutionNode = FALSE
	EndGlobalSection
	GlobalSection(ExtensibilityGlobals) = postSolution
		SolutionGuid = {9BF4CE64-6E31-46F6-A67A-1EE1B3867D50}
	EndGlobalSection
EndGlobal
